
Microsoft Visual Studio Solution File, Format Version 12.00
# Visual Studio Version 17
VisualStudioVersion = 17.8.34525.116
MinimumVisualStudioVersion = 10.0.40219.1
Project("{9A19103F-16F7-4668-BE54-9A1E7A4F7556}") = "OmegasysWeb", "OmegasysWeb\OmegasysWeb.csproj", "{09A37B0C-207E-4EDA-9BE2-23ED90B1FE35}"
EndProject
Project("{FAE04EC0-301F-11D3-BF4B-00C04F79EFBC}") = "OmegasysWeb.AccesoDatos", "OmegasysWeb.AccesoDatos\OmegasysWeb.AccesoDatos.csproj", "{29C0AC6D-B479-404E-8C47-AC4BD62944B8}"
EndProject
Project("{FAE04EC0-301F-11D3-BF4B-00C04F79EFBC}") = "OmegasysWeb.Modelos", "OmegasysWeb.Modelos\OmegasysWeb.Modelos.csproj", "{D16229D1-AA9F-4C4A-9CF2-6BB4BBCB4CA1}"
EndProject
Project("{FAE04EC0-301F-11D3-BF4B-00C04F79EFBC}") = "OmegasysWeb.Utilidades", "OmegasysWeb.Utilidades\OmegasysWeb.Utilidades.csproj", "{979BB178-3452-42CA-9B1A-CF6514F52E2F}"
EndProject
Global
	GlobalSection(SolutionConfigurationPlatforms) = preSolution
		Debug|Any CPU = Debug|Any CPU
		Release|Any CPU = Release|Any CPU
	EndGlobalSection
	GlobalSection(ProjectConfigurationPlatforms) = postSolution
		{09A37B0C-207E-4EDA-9BE2-23ED90B1FE35}.Debug|Any CPU.ActiveCfg = Debug|Any CPU
		{09A37B0C-207E-4EDA-9BE2-23ED90B1FE35}.Debug|Any CPU.Build.0 = Debug|Any CPU
		{09A37B0C-207E-4EDA-9BE2-23ED90B1FE35}.Release|Any CPU.ActiveCfg = Release|Any CPU
		{09A37B0C-207E-4EDA-9BE2-23ED90B1FE35}.Release|Any CPU.Build.0 = Release|Any CPU
		{29C0AC6D-B479-404E-8C47-AC4BD62944B8}.Debug|Any CPU.ActiveCfg = Debug|Any CPU
		{29C0AC6D-B479-404E-8C47-AC4BD62944B8}.Debug|Any CPU.Build.0 = Debug|Any CPU
		{29C0AC6D-B479-404E-8C47-AC4BD62944B8}.Release|Any CPU.ActiveCfg = Release|Any CPU
		{29C0AC6D-B479-404E-8C47-AC4BD62944B8}.Release|Any CPU.Build.0 = Release|Any CPU
		{D16229D1-AA9F-4C4A-9CF2-6BB4BBCB4CA1}.Debug|Any CPU.ActiveCfg = Debug|Any CPU
		{D16229D1-AA9F-4C4A-9CF2-6BB4BBCB4CA1}.Debug|Any CPU.Build.0 = Debug|Any CPU
		{D16229D1-AA9F-4C4A-9CF2-6BB4BBCB4CA1}.Release|Any CPU.ActiveCfg = Release|Any CPU
		{D16229D1-AA9F-4C4A-9CF2-6BB4BBCB4CA1}.Release|Any CPU.Build.0 = Release|Any CPU
		{979BB178-3452-42CA-9B1A-CF6514F52E2F}.Debug|Any CPU.ActiveCfg = Debug|Any CPU
		{979BB178-3452-42CA-9B1A-CF6514F52E2F}.Debug|Any CPU.Build.0 = Debug|Any CPU
		{979BB178-3452-42CA-9B1A-CF6514F52E2F}.Release|Any CPU.ActiveCfg = Release|Any CPU
		{979BB178-3452-42CA-9B1A-CF6514F52E2F}.Release|Any CPU.Build.0 = Release|Any CPU
	EndGlobalSection
	GlobalSection(SolutionProperties) = preSolution
		HideSolutionNode = FALSE
	EndGlobalSection
	GlobalSection(ExtensibilityGlobals) = postSolution
		SolutionGuid = {152AB12E-CDDA-4AAB-82E0-0D4A443199D0}
	EndGlobalSection
EndGlobal
